
Microsoft Visual Studio Solution File, Format Version 12.00
# Visual Studio Version 17
VisualStudioVersion = 17.7.34031.279
MinimumVisualStudioVersion = 10.0.40219.1
Project("{9A19103F-16F7-4668-BE54-9A1E7A4F7556}") = "CustomerDemo.WebAPI", "CustomerDemo.WebAPI\CustomerDemo.WebAPI.csproj", "{D88D3A2F-958A-4681-B9EC-AA81A1FBF3A6}"
EndProject
Project("{9A19103F-16F7-4668-BE54-9A1E7A4F7556}") = "CustomerDemo.Application", "CustomerDemo.Application\CustomerDemo.Application.csproj", "{C08284F1-8999-46C7-9E1D-ED39AF858CC2}"
EndProject
Project("{9A19103F-16F7-4668-BE54-9A1E7A4F7556}") = "CustomerDemo.Common", "CustomerDemo.Common\CustomerDemo.Common.csproj", "{AF597DF4-C981-4494-B1F9-201DA17EE18C}"
EndProject
Project("{9A19103F-16F7-4668-BE54-9A1E7A4F7556}") = "CustomerDemo.Core", "CustomerDemo.Core\CustomerDemo.Core.csproj", "{A09410C3-2D99-4FDD-BC57-E8E2A2698A8E}"
EndProject
Project("{2150E333-8FDC-42A3-9474-1A3956D46DE8}") = "Solution Items", "Solution Items", "{87CF2AF1-4F5E-43E1-A4DF-B12ECF1C68CC}"
	ProjectSection(SolutionItems) = preProject
		README.md = README.md
	EndProjectSection
EndProject
Global
	GlobalSection(SolutionConfigurationPlatforms) = preSolution
		Debug|Any CPU = Debug|Any CPU
		Release|Any CPU = Release|Any CPU
	EndGlobalSection
	GlobalSection(ProjectConfigurationPlatforms) = postSolution
		{D88D3A2F-958A-4681-B9EC-AA81A1FBF3A6}.Debug|Any CPU.ActiveCfg = Debug|Any CPU
		{D88D3A2F-958A-4681-B9EC-AA81A1FBF3A6}.Debug|Any CPU.Build.0 = Debug|Any CPU
		{D88D3A2F-958A-4681-B9EC-AA81A1FBF3A6}.Release|Any CPU.ActiveCfg = Release|Any CPU
		{D88D3A2F-958A-4681-B9EC-AA81A1FBF3A6}.Release|Any CPU.Build.0 = Release|Any CPU
		{C08284F1-8999-46C7-9E1D-ED39AF858CC2}.Debug|Any CPU.ActiveCfg = Debug|Any CPU
		{C08284F1-8999-46C7-9E1D-ED39AF858CC2}.Debug|Any CPU.Build.0 = Debug|Any CPU
		{C08284F1-8999-46C7-9E1D-ED39AF858CC2}.Release|Any CPU.ActiveCfg = Release|Any CPU
		{C08284F1-8999-46C7-9E1D-ED39AF858CC2}.Release|Any CPU.Build.0 = Release|Any CPU
		{AF597DF4-C981-4494-B1F9-201DA17EE18C}.Debug|Any CPU.ActiveCfg = Debug|Any CPU
		{AF597DF4-C981-4494-B1F9-201DA17EE18C}.Debug|Any CPU.Build.0 = Debug|Any CPU
		{AF597DF4-C981-4494-B1F9-201DA17EE18C}.Release|Any CPU.ActiveCfg = Release|Any CPU
		{AF597DF4-C981-4494-B1F9-201DA17EE18C}.Release|Any CPU.Build.0 = Release|Any CPU
		{A09410C3-2D99-4FDD-BC57-E8E2A2698A8E}.Debug|Any CPU.ActiveCfg = Debug|Any CPU
		{A09410C3-2D99-4FDD-BC57-E8E2A2698A8E}.Debug|Any CPU.Build.0 = Debug|Any CPU
		{A09410C3-2D99-4FDD-BC57-E8E2A2698A8E}.Release|Any CPU.ActiveCfg = Release|Any CPU
		{A09410C3-2D99-4FDD-BC57-E8E2A2698A8E}.Release|Any CPU.Build.0 = Release|Any CPU
	EndGlobalSection
	GlobalSection(SolutionProperties) = preSolution
		HideSolutionNode = FALSE
	EndGlobalSection
	GlobalSection(ExtensibilityGlobals) = postSolution
		SolutionGuid = {F03E9909-16B5-4765-B3D2-D03A3DF493CA}
	EndGlobalSection
EndGlobal
